{
    "_meta": {
        "hash": {
            "sha256": "9a549d648fde10614fcd668ef51c15bd53510f34e684e9163d36a16cc96f7040"
        },
        "pipfile-spec": 6,
        "requires": {
            "python_version": "3.8"
        },
        "sources": [
            {
                "name": "pypi",
                "url": "https://pypi.org/simple",
                "verify_ssl": true
            }
        ]
    },
    "default": {
        "altgraph": {
            "hashes": [
                "sha256:743628f2ac6a7c26f5d9223c91ed8ecbba535f506f4b6f558885a8a56a105857",
                "sha256:ebf2269361b47d97b3b88e696439f6e4cbc607c17c51feb1754f90fb79839158"
            ],
            "version": "==0.17.2"
        },
        "future": {
            "hashes": [
                "sha256:b1bead90b70cf6ec3f0710ae53a525360fa360d306a86583adc6bf83a4db537d"
            ],
            "markers": "python_version >= '2.6' and python_version not in '3.0, 3.1, 3.2'",
            "version": "==0.18.2"
        },
        "pefile": {
            "hashes": [
                "sha256:344a49e40a94e10849f0fe34dddc80f773a12b40675bf2f7be4b8be578bdd94a"
            ],
            "markers": "sys_platform == 'win32'",
            "version": "==2021.9.3"
        },
        "pyinstaller": {
            "hashes": [
                "sha256:05c21117b84199272ebd355b556af4714f6e79245e1c435d6f16653786d7d17e",
                "sha256:0dcaf6557cdb2da763c46e06e95a94a7634ab03fb09d91bc77988b01ee05c907",
                "sha256:15557cd1a79d182967f0a5040750e6902e13ebd6cab41e3ed84d7b28a306357b",
                "sha256:581620bdcd32f01e89b13231256b807bb090e7eadf40c81c864ec402afa4758a",
                "sha256:70c71e827f4b34602cbc7a0947a067b662c1cbdc4db51832e13b97cca3c54dd7",
                "sha256:714c4dcc319a41416744d1e30c6317405dfaed80d2adc45f8bfa70dc7367e664",
                "sha256:7749c868d2e2dc84df7d6f65437226183c8a366f3a99bb2737785625c3a3cca1",
                "sha256:7d94518ba1f8e9a8577345312276891ad7d6cd9785e453e9951b35647e2c7078",
                "sha256:cfed0b3a43e73550a43a094610328109564710b9514afa093ef7199d072cae87",
                "sha256:d4f79c0a774451f12baca4e476376418f011fa3039dde8fd172ea2aa8ff67bad",
                "sha256:f2166ff2cd95eefb0d377ae8d1071f186fa25edd410ede65b376162d5ec41909"
            ],
            "index": "pypi",
            "version": "==4.10"
        },
        "pyinstaller-hooks-contrib": {
            "hashes": [
                "sha256:9765e68552803327d58f6c5eca970bb245b7cdf073e2f912a2a3cb50360bc2d8",
                "sha256:9fa4ca03d058cba676c3cc16005076ce6a529f144c08b87c69998625fbd84e0a"
            ],
            "markers": "python_version >= '3.7'",
            "version": "==2022.3"
        },
        "pywin32-ctypes": {
            "hashes": [
                "sha256:24ffc3b341d457d48e8922352130cf2644024a4ff09762a2261fd34c36ee5942",
                "sha256:9dc2d991b3479cc2df15930958b674a48a227d5361d413827a4cfd0b5876fc98"
            ],
            "markers": "sys_platform == 'win32'",
            "version": "==0.2.0"
        }
    },
    "develop": {}
}
